
Microsoft Visual Studio Solution File, Format Version 12.00
# Visual Studio Version 17
VisualStudioVersion = 17.1.32319.34
MinimumVisualStudioVersion = 10.0.40219.1
Project("{FAE04EC0-301F-11D3-BF4B-00C04F79EFBC}") = "7042022-", "7042022-.csproj", "{1B05661C-1708-4FF6-864A-19347E5710FB}"
EndProject
Project("{FAE04EC0-301F-11D3-BF4B-00C04F79EFBC}") = "7042022-Interface Odev", "..\7042022-Interface Odev\7042022-Interface Odev.csproj", "{482679F6-9264-49D2-BF68-1073F7F352D6}"
EndProject
Global
	GlobalSection(SolutionConfigurationPlatforms) = preSolution
		Debug|Any CPU = Debug|Any CPU
		Release|Any CPU = Release|Any CPU
	EndGlobalSection
	GlobalSection(ProjectConfigurationPlatforms) = postSolution
		{1B05661C-1708-4FF6-864A-19347E5710FB}.Debug|Any CPU.ActiveCfg = Debug|Any CPU
		{1B05661C-1708-4FF6-864A-19347E5710FB}.Debug|Any CPU.Build.0 = Debug|Any CPU
		{1B05661C-1708-4FF6-864A-19347E5710FB}.Release|Any CPU.ActiveCfg = Release|Any CPU
		{1B05661C-1708-4FF6-864A-19347E5710FB}.Release|Any CPU.Build.0 = Release|Any CPU
		{482679F6-9264-49D2-BF68-1073F7F352D6}.Debug|Any CPU.ActiveCfg = Debug|Any CPU
		{482679F6-9264-49D2-BF68-1073F7F352D6}.Debug|Any CPU.Build.0 = Debug|Any CPU
		{482679F6-9264-49D2-BF68-1073F7F352D6}.Release|Any CPU.ActiveCfg = Release|Any CPU
		{482679F6-9264-49D2-BF68-1073F7F352D6}.Release|Any CPU.Build.0 = Release|Any CPU
	EndGlobalSection
	GlobalSection(SolutionProperties) = preSolution
		HideSolutionNode = FALSE
	EndGlobalSection
	GlobalSection(ExtensibilityGlobals) = postSolution
		SolutionGuid = {36BAF6B5-52B4-4370-B803-7775AFA29237}
	EndGlobalSection
EndGlobal
