
Microsoft Visual Studio Solution File, Format Version 12.00
# Visual Studio Version 17
VisualStudioVersion = 17.1.32319.34
MinimumVisualStudioVersion = 10.0.40219.1
Project("{FAE04EC0-301F-11D3-BF4B-00C04F79EFBC}") = "28032022-Abstract Classlar", "28032022-Abstract Classlar.csproj", "{0540E938-6B8E-4C4B-ACED-A7841EF2798A}"
EndProject
Global
	GlobalSection(SolutionConfigurationPlatforms) = preSolution
		Debug|Any CPU = Debug|Any CPU
		Release|Any CPU = Release|Any CPU
	EndGlobalSection
	GlobalSection(ProjectConfigurationPlatforms) = postSolution
		{0540E938-6B8E-4C4B-ACED-A7841EF2798A}.Debug|Any CPU.ActiveCfg = Debug|Any CPU
		{0540E938-6B8E-4C4B-ACED-A7841EF2798A}.Debug|Any CPU.Build.0 = Debug|Any CPU
		{0540E938-6B8E-4C4B-ACED-A7841EF2798A}.Release|Any CPU.ActiveCfg = Release|Any CPU
		{0540E938-6B8E-4C4B-ACED-A7841EF2798A}.Release|Any CPU.Build.0 = Release|Any CPU
	EndGlobalSection
	GlobalSection(SolutionProperties) = preSolution
		HideSolutionNode = FALSE
	EndGlobalSection
	GlobalSection(ExtensibilityGlobals) = postSolution
		SolutionGuid = {42707F70-C888-4750-A12F-2EBF848745CC}
	EndGlobalSection
EndGlobal
