
Microsoft Visual Studio Solution File, Format Version 12.00
# Visual Studio Version 17
VisualStudioVersion = 17.1.32210.238
MinimumVisualStudioVersion = 10.0.40219.1
Project("{FAE04EC0-301F-11D3-BF4B-00C04F79EFBC}") = "WindowsFormsApp2MusterıADSOYAD", "WindowsFormsApp2MusterıADSOYAD.csproj", "{C6A0FBFD-C069-4036-8D4C-A7CFA595079D}"
EndProject
Global
	GlobalSection(SolutionConfigurationPlatforms) = preSolution
		Debug|Any CPU = Debug|Any CPU
		Release|Any CPU = Release|Any CPU
	EndGlobalSection
	GlobalSection(ProjectConfigurationPlatforms) = postSolution
		{C6A0FBFD-C069-4036-8D4C-A7CFA595079D}.Debug|Any CPU.ActiveCfg = Debug|Any CPU
		{C6A0FBFD-C069-4036-8D4C-A7CFA595079D}.Debug|Any CPU.Build.0 = Debug|Any CPU
		{C6A0FBFD-C069-4036-8D4C-A7CFA595079D}.Release|Any CPU.ActiveCfg = Release|Any CPU
		{C6A0FBFD-C069-4036-8D4C-A7CFA595079D}.Release|Any CPU.Build.0 = Release|Any CPU
	EndGlobalSection
	GlobalSection(SolutionProperties) = preSolution
		HideSolutionNode = FALSE
	EndGlobalSection
	GlobalSection(ExtensibilityGlobals) = postSolution
		SolutionGuid = {CD19FD4D-F340-43D2-931C-EE6FD8696924}
	EndGlobalSection
EndGlobal
