
Microsoft Visual Studio Solution File, Format Version 12.00
# Visual Studio Version 17
VisualStudioVersion = 17.1.32319.34
MinimumVisualStudioVersion = 10.0.40219.1
Project("{FAE04EC0-301F-11D3-BF4B-00C04F79EFBC}") = "5052022-xml", "5052022-xml.csproj", "{F6D96471-01A7-4815-B7DE-53402E14F200}"
EndProject
Project("{FAE04EC0-301F-11D3-BF4B-00C04F79EFBC}") = "Nordwindvericek", "..\Nordwindvericek\Nordwindvericek.csproj", "{31DE2B2E-763A-40C8-B30D-2ACEB2BFA103}"
EndProject
Project("{FAE04EC0-301F-11D3-BF4B-00C04F79EFBC}") = "05052022-Ucuncu uygulama xml", "..\05052022-Ucuncu uygulama xml\05052022-Ucuncu uygulama xml.csproj", "{74304819-4F1C-4260-8640-5081FDD3C963}"
EndProject
Global
	GlobalSection(SolutionConfigurationPlatforms) = preSolution
		Debug|Any CPU = Debug|Any CPU
		Release|Any CPU = Release|Any CPU
	EndGlobalSection
	GlobalSection(ProjectConfigurationPlatforms) = postSolution
		{F6D96471-01A7-4815-B7DE-53402E14F200}.Debug|Any CPU.ActiveCfg = Debug|Any CPU
		{F6D96471-01A7-4815-B7DE-53402E14F200}.Debug|Any CPU.Build.0 = Debug|Any CPU
		{F6D96471-01A7-4815-B7DE-53402E14F200}.Release|Any CPU.ActiveCfg = Release|Any CPU
		{F6D96471-01A7-4815-B7DE-53402E14F200}.Release|Any CPU.Build.0 = Release|Any CPU
		{31DE2B2E-763A-40C8-B30D-2ACEB2BFA103}.Debug|Any CPU.ActiveCfg = Debug|Any CPU
		{31DE2B2E-763A-40C8-B30D-2ACEB2BFA103}.Debug|Any CPU.Build.0 = Debug|Any CPU
		{31DE2B2E-763A-40C8-B30D-2ACEB2BFA103}.Release|Any CPU.ActiveCfg = Release|Any CPU
		{31DE2B2E-763A-40C8-B30D-2ACEB2BFA103}.Release|Any CPU.Build.0 = Release|Any CPU
		{74304819-4F1C-4260-8640-5081FDD3C963}.Debug|Any CPU.ActiveCfg = Debug|Any CPU
		{74304819-4F1C-4260-8640-5081FDD3C963}.Debug|Any CPU.Build.0 = Debug|Any CPU
		{74304819-4F1C-4260-8640-5081FDD3C963}.Release|Any CPU.ActiveCfg = Release|Any CPU
		{74304819-4F1C-4260-8640-5081FDD3C963}.Release|Any CPU.Build.0 = Release|Any CPU
	EndGlobalSection
	GlobalSection(SolutionProperties) = preSolution
		HideSolutionNode = FALSE
	EndGlobalSection
	GlobalSection(ExtensibilityGlobals) = postSolution
		SolutionGuid = {FFA4604D-6D22-4B37-ABF0-FA863759233E}
	EndGlobalSection
EndGlobal
