
Microsoft Visual Studio Solution File, Format Version 12.00
# Visual Studio Version 17
VisualStudioVersion = 17.1.32319.34
MinimumVisualStudioVersion = 10.0.40219.1
Project("{FAE04EC0-301F-11D3-BF4B-00C04F79EFBC}") = "Ulasım ornegi", "Ulasım ornegi.csproj", "{D426AB89-3EE7-4766-9E69-93B5AFE9D886}"
EndProject
Global
	GlobalSection(SolutionConfigurationPlatforms) = preSolution
		Debug|Any CPU = Debug|Any CPU
		Release|Any CPU = Release|Any CPU
	EndGlobalSection
	GlobalSection(ProjectConfigurationPlatforms) = postSolution
		{D426AB89-3EE7-4766-9E69-93B5AFE9D886}.Debug|Any CPU.ActiveCfg = Debug|Any CPU
		{D426AB89-3EE7-4766-9E69-93B5AFE9D886}.Debug|Any CPU.Build.0 = Debug|Any CPU
		{D426AB89-3EE7-4766-9E69-93B5AFE9D886}.Release|Any CPU.ActiveCfg = Release|Any CPU
		{D426AB89-3EE7-4766-9E69-93B5AFE9D886}.Release|Any CPU.Build.0 = Release|Any CPU
	EndGlobalSection
	GlobalSection(SolutionProperties) = preSolution
		HideSolutionNode = FALSE
	EndGlobalSection
	GlobalSection(ExtensibilityGlobals) = postSolution
		SolutionGuid = {EF501C21-E34D-442C-ACE7-FBB70ED1C076}
	EndGlobalSection
EndGlobal
