
Microsoft Visual Studio Solution File, Format Version 12.00
# Visual Studio Version 17
VisualStudioVersion = 17.1.32319.34
MinimumVisualStudioVersion = 10.0.40219.1
Project("{FAE04EC0-301F-11D3-BF4B-00C04F79EFBC}") = "20042022-ModelFirst", "20042022-ModelFirst.csproj", "{1A8217FD-1365-4C13-B4E0-6B02759446E8}"
EndProject
Global
	GlobalSection(SolutionConfigurationPlatforms) = preSolution
		Debug|Any CPU = Debug|Any CPU
		Release|Any CPU = Release|Any CPU
	EndGlobalSection
	GlobalSection(ProjectConfigurationPlatforms) = postSolution
		{1A8217FD-1365-4C13-B4E0-6B02759446E8}.Debug|Any CPU.ActiveCfg = Debug|Any CPU
		{1A8217FD-1365-4C13-B4E0-6B02759446E8}.Debug|Any CPU.Build.0 = Debug|Any CPU
		{1A8217FD-1365-4C13-B4E0-6B02759446E8}.Release|Any CPU.ActiveCfg = Release|Any CPU
		{1A8217FD-1365-4C13-B4E0-6B02759446E8}.Release|Any CPU.Build.0 = Release|Any CPU
	EndGlobalSection
	GlobalSection(SolutionProperties) = preSolution
		HideSolutionNode = FALSE
	EndGlobalSection
	GlobalSection(ExtensibilityGlobals) = postSolution
		SolutionGuid = {B6B0E662-8E58-4FD1-89FC-E706FA498D4A}
	EndGlobalSection
EndGlobal
