
Microsoft Visual Studio Solution File, Format Version 12.00
# Visual Studio Version 17
VisualStudioVersion = 17.1.32319.34
MinimumVisualStudioVersion = 10.0.40219.1
Project("{FAE04EC0-301F-11D3-BF4B-00C04F79EFBC}") = "WindowsFormsApp3", "WindowsFormsApp3.csproj", "{9CD4B013-C63E-4498-A279-6BCB97C89C61}"
EndProject
Global
	GlobalSection(SolutionConfigurationPlatforms) = preSolution
		Debug|Any CPU = Debug|Any CPU
		Release|Any CPU = Release|Any CPU
	EndGlobalSection
	GlobalSection(ProjectConfigurationPlatforms) = postSolution
		{9CD4B013-C63E-4498-A279-6BCB97C89C61}.Debug|Any CPU.ActiveCfg = Debug|Any CPU
		{9CD4B013-C63E-4498-A279-6BCB97C89C61}.Debug|Any CPU.Build.0 = Debug|Any CPU
		{9CD4B013-C63E-4498-A279-6BCB97C89C61}.Release|Any CPU.ActiveCfg = Release|Any CPU
		{9CD4B013-C63E-4498-A279-6BCB97C89C61}.Release|Any CPU.Build.0 = Release|Any CPU
	EndGlobalSection
	GlobalSection(SolutionProperties) = preSolution
		HideSolutionNode = FALSE
	EndGlobalSection
	GlobalSection(ExtensibilityGlobals) = postSolution
		SolutionGuid = {B3D67D1F-DF33-4D15-9860-80FA05304119}
	EndGlobalSection
EndGlobal
