
Microsoft Visual Studio Solution File, Format Version 12.00
# Visual Studio Version 17
VisualStudioVersion = 17.1.32319.34
MinimumVisualStudioVersion = 10.0.40219.1
Project("{FAE04EC0-301F-11D3-BF4B-00C04F79EFBC}") = "KTMFINAL", "KTMFINAL.csproj", "{D2081422-B11A-4BC2-9886-853E35582D72}"
EndProject
Project("{FAE04EC0-301F-11D3-BF4B-00C04F79EFBC}") = "BusinessORM", "..\BusinessORM\BusinessORM.csproj", "{7F9120B2-0A41-445F-9933-449F2FD5580F}"
EndProject
Global
	GlobalSection(SolutionConfigurationPlatforms) = preSolution
		Debug|Any CPU = Debug|Any CPU
		Release|Any CPU = Release|Any CPU
	EndGlobalSection
	GlobalSection(ProjectConfigurationPlatforms) = postSolution
		{D2081422-B11A-4BC2-9886-853E35582D72}.Debug|Any CPU.ActiveCfg = Debug|Any CPU
		{D2081422-B11A-4BC2-9886-853E35582D72}.Debug|Any CPU.Build.0 = Debug|Any CPU
		{D2081422-B11A-4BC2-9886-853E35582D72}.Release|Any CPU.ActiveCfg = Release|Any CPU
		{D2081422-B11A-4BC2-9886-853E35582D72}.Release|Any CPU.Build.0 = Release|Any CPU
		{7F9120B2-0A41-445F-9933-449F2FD5580F}.Debug|Any CPU.ActiveCfg = Debug|Any CPU
		{7F9120B2-0A41-445F-9933-449F2FD5580F}.Debug|Any CPU.Build.0 = Debug|Any CPU
		{7F9120B2-0A41-445F-9933-449F2FD5580F}.Release|Any CPU.ActiveCfg = Release|Any CPU
		{7F9120B2-0A41-445F-9933-449F2FD5580F}.Release|Any CPU.Build.0 = Release|Any CPU
	EndGlobalSection
	GlobalSection(SolutionProperties) = preSolution
		HideSolutionNode = FALSE
	EndGlobalSection
	GlobalSection(ExtensibilityGlobals) = postSolution
		SolutionGuid = {C65EC72F-2CE8-44C9-BFD7-9B4150EF3DD6}
	EndGlobalSection
EndGlobal
