
Microsoft Visual Studio Solution File, Format Version 12.00
# Visual Studio Version 17
VisualStudioVersion = 17.1.32210.238
MinimumVisualStudioVersion = 10.0.40219.1
Project("{FAE04EC0-301F-11D3-BF4B-00C04F79EFBC}") = "WindowsFormsApp1", "WindowsFormsApp1.csproj", "{C6494964-2BC4-41C3-976F-560CF84BF770}"
EndProject
Global
	GlobalSection(SolutionConfigurationPlatforms) = preSolution
		Debug|Any CPU = Debug|Any CPU
		Release|Any CPU = Release|Any CPU
	EndGlobalSection
	GlobalSection(ProjectConfigurationPlatforms) = postSolution
		{C6494964-2BC4-41C3-976F-560CF84BF770}.Debug|Any CPU.ActiveCfg = Debug|Any CPU
		{C6494964-2BC4-41C3-976F-560CF84BF770}.Debug|Any CPU.Build.0 = Debug|Any CPU
		{C6494964-2BC4-41C3-976F-560CF84BF770}.Release|Any CPU.ActiveCfg = Release|Any CPU
		{C6494964-2BC4-41C3-976F-560CF84BF770}.Release|Any CPU.Build.0 = Release|Any CPU
	EndGlobalSection
	GlobalSection(SolutionProperties) = preSolution
		HideSolutionNode = FALSE
	EndGlobalSection
	GlobalSection(ExtensibilityGlobals) = postSolution
		SolutionGuid = {0D7C642D-9604-4364-8AB2-F14976AA0537}
	EndGlobalSection
EndGlobal
